
Microsoft Visual Studio Solution File, Format Version 12.00
# Visual Studio 14
VisualStudioVersion = 14.0.22823.1
MinimumVisualStudioVersion = 10.0.40219.1
Project("{2150E333-8FDC-42A3-9474-1A3956D46DE8}") = "src", "src", "{09C7E8D4-088D-41BD-A65A-55824E79B0D0}"
EndProject
Project("{2150E333-8FDC-42A3-9474-1A3956D46DE8}") = "Solution Items", "Solution Items", "{C52D3241-B907-492C-AB51-108C7B7CACA9}"
	ProjectSection(SolutionItems) = preProject
		global.json = global.json
	EndProjectSection
EndProject
Project("{8BB2217D-0F2D-49D1-97BC-3654ED321F3B}") = "Hooli", "src\Hooli\Hooli.xproj", "{DB09AAE3-5ABD-478D-B057-DEA9E79850BC}"
EndProject
Project("{8BB2217D-0F2D-49D1-97BC-3654ED321F3B}") = "Hooli.Test", "src\test\Hooli.Test\Hooli.Test.xproj", "{CA663205-77DE-4E55-B300-85594181B5A9}"
EndProject
Project("{8BB2217D-0F2D-49D1-97BC-3654ED321F3B}") = "E2ETests", "src\test\E2ETests\E2ETests.xproj", "{A319ACCE-060B-4385-9534-9F2202F6180E}"
EndProject
Global
	GlobalSection(SolutionConfigurationPlatforms) = preSolution
		Debug|Any CPU = Debug|Any CPU
		Release|Any CPU = Release|Any CPU
	EndGlobalSection
	GlobalSection(ProjectConfigurationPlatforms) = postSolution
		{DB09AAE3-5ABD-478D-B057-DEA9E79850BC}.Debug|Any CPU.ActiveCfg = Debug|Any CPU
		{DB09AAE3-5ABD-478D-B057-DEA9E79850BC}.Debug|Any CPU.Build.0 = Debug|Any CPU
		{DB09AAE3-5ABD-478D-B057-DEA9E79850BC}.Release|Any CPU.ActiveCfg = Release|Any CPU
		{DB09AAE3-5ABD-478D-B057-DEA9E79850BC}.Release|Any CPU.Build.0 = Release|Any CPU
		{CA663205-77DE-4E55-B300-85594181B5A9}.Debug|Any CPU.ActiveCfg = Debug|Any CPU
		{CA663205-77DE-4E55-B300-85594181B5A9}.Debug|Any CPU.Build.0 = Debug|Any CPU
		{CA663205-77DE-4E55-B300-85594181B5A9}.Release|Any CPU.ActiveCfg = Release|Any CPU
		{CA663205-77DE-4E55-B300-85594181B5A9}.Release|Any CPU.Build.0 = Release|Any CPU
		{A319ACCE-060B-4385-9534-9F2202F6180E}.Debug|Any CPU.ActiveCfg = Debug|Any CPU
		{A319ACCE-060B-4385-9534-9F2202F6180E}.Debug|Any CPU.Build.0 = Debug|Any CPU
		{A319ACCE-060B-4385-9534-9F2202F6180E}.Release|Any CPU.ActiveCfg = Release|Any CPU
		{A319ACCE-060B-4385-9534-9F2202F6180E}.Release|Any CPU.Build.0 = Release|Any CPU
	EndGlobalSection
	GlobalSection(SolutionProperties) = preSolution
		HideSolutionNode = FALSE
	EndGlobalSection
	GlobalSection(NestedProjects) = preSolution
		{DB09AAE3-5ABD-478D-B057-DEA9E79850BC} = {09C7E8D4-088D-41BD-A65A-55824E79B0D0}
		{CA663205-77DE-4E55-B300-85594181B5A9} = {09C7E8D4-088D-41BD-A65A-55824E79B0D0}
		{A319ACCE-060B-4385-9534-9F2202F6180E} = {09C7E8D4-088D-41BD-A65A-55824E79B0D0}
	EndGlobalSection
EndGlobal
